// !$*UTF8*$!
{
	archiveVersion = 1;
	classes = {
	};
	objectVersion = 48;
	objects = {

/* Begin PBXBuildFile section */
		61006DAB1F2E1ED400251307 /* JKAttributedString.framework in Frameworks */ = {isa = PBXBuildFile; fileRef = 61006DA11F2E1ED300251307 /* JKAttributedString.framework */; };
		61006DB01F2E1ED400251307 /* JKAttributedStringSpecs.swift in Sources */ = {isa = PBXBuildFile; fileRef = 61006DAF1F2E1ED400251307 /* JKAttributedStringSpecs.swift */; };
		61006DB21F2E1ED400251307 /* JKAttributedString.h in Headers */ = {isa = PBXBuildFile; fileRef = 61006DA41F2E1ED300251307 /* JKAttributedString.h */; settings = {ATTRIBUTES = (Public, ); }; };
		61D8D8631F2E20BB00401983 /* JKAttributedString.swift in Sources */ = {isa = PBXBuildFile; fileRef = 61D8D8621F2E20BB00401983 /* JKAttributedString.swift */; };
		61D8D8651F2E216E00401983 /* JKStringRangeConverter.swift in Sources */ = {isa = PBXBuildFile; fileRef = 61D8D8641F2E216E00401983 /* JKStringRangeConverter.swift */; };
		61D8D8671F2E21B800401983 /* String+JKAttributedString.swift in Sources */ = {isa = PBXBuildFile; fileRef = 61D8D8661F2E21B800401983 /* String+JKAttributedString.swift */; };
		61D8D8691F2E223100401983 /* JKAttribute.swift in Sources */ = {isa = PBXBuildFile; fileRef = 61D8D8681F2E223100401983 /* JKAttribute.swift */; };
		61D8D86B1F2E228000401983 /* JKAttributeParagraphStyle.swift in Sources */ = {isa = PBXBuildFile; fileRef = 61D8D86A1F2E228000401983 /* JKAttributeParagraphStyle.swift */; };
		61D8D86D1F2E2C0400401983 /* JKAttributeType.swift in Sources */ = {isa = PBXBuildFile; fileRef = 61D8D86C1F2E2C0400401983 /* JKAttributeType.swift */; };
		61D8D8701F2E4F1B00401983 /* JKStringRangeConverterSpec.swift in Sources */ = {isa = PBXBuildFile; fileRef = 61D8D86E1F2E4F0000401983 /* JKStringRangeConverterSpec.swift */; };
		61D8D8721F2E596300401983 /* JKAttributeParagraphStyleSpecs.swift in Sources */ = {isa = PBXBuildFile; fileRef = 61D8D8711F2E596300401983 /* JKAttributeParagraphStyleSpecs.swift */; };
		D37B0D195BCF997050910CEC /* Pods_JKAttributedStringTests.framework in Frameworks */ = {isa = PBXBuildFile; fileRef = 862A57119F07F94187BA5A0E /* Pods_JKAttributedStringTests.framework */; };
/* End PBXBuildFile section */

/* Begin PBXContainerItemProxy section */
		61006DAC1F2E1ED400251307 /* PBXContainerItemProxy */ = {
			isa = PBXContainerItemProxy;
			containerPortal = 61006D981F2E1ED300251307 /* Project object */;
			proxyType = 1;
			remoteGlobalIDString = 61006DA01F2E1ED300251307;
			remoteInfo = JKAttributedString;
		};
/* End PBXContainerItemProxy section */

/* Begin PBXFileReference section */
		5D8B11864BBE0B530BE7CDC3 /* Pods-JKAttributedStringTests.release.xcconfig */ = {isa = PBXFileReference; includeInIndex = 1; lastKnownFileType = text.xcconfig; name = "Pods-JKAttributedStringTests.release.xcconfig"; path = "Pods/Target Support Files/Pods-JKAttributedStringTests/Pods-JKAttributedStringTests.release.xcconfig"; sourceTree = "<group>"; };
		61006DA11F2E1ED300251307 /* JKAttributedString.framework */ = {isa = PBXFileReference; explicitFileType = wrapper.framework; includeInIndex = 0; path = JKAttributedString.framework; sourceTree = BUILT_PRODUCTS_DIR; };
		61006DA41F2E1ED300251307 /* JKAttributedString.h */ = {isa = PBXFileReference; lastKnownFileType = sourcecode.c.h; path = JKAttributedString.h; sourceTree = "<group>"; };
		61006DA51F2E1ED300251307 /* Info.plist */ = {isa = PBXFileReference; lastKnownFileType = text.plist.xml; path = Info.plist; sourceTree = "<group>"; };
		61006DAA1F2E1ED400251307 /* JKAttributedStringTests.xctest */ = {isa = PBXFileReference; explicitFileType = wrapper.cfbundle; includeInIndex = 0; path = JKAttributedStringTests.xctest; sourceTree = BUILT_PRODUCTS_DIR; };
		61006DAF1F2E1ED400251307 /* JKAttributedStringSpecs.swift */ = {isa = PBXFileReference; lastKnownFileType = sourcecode.swift; path = JKAttributedStringSpecs.swift; sourceTree = "<group>"; };
		61006DB11F2E1ED400251307 /* Info.plist */ = {isa = PBXFileReference; lastKnownFileType = text.plist.xml; path = Info.plist; sourceTree = "<group>"; };
		61D8D8621F2E20BB00401983 /* JKAttributedString.swift */ = {isa = PBXFileReference; fileEncoding = 4; lastKnownFileType = sourcecode.swift; path = JKAttributedString.swift; sourceTree = "<group>"; };
		61D8D8641F2E216E00401983 /* JKStringRangeConverter.swift */ = {isa = PBXFileReference; fileEncoding = 4; lastKnownFileType = sourcecode.swift; path = JKStringRangeConverter.swift; sourceTree = "<group>"; };
		61D8D8661F2E21B800401983 /* String+JKAttributedString.swift */ = {isa = PBXFileReference; fileEncoding = 4; lastKnownFileType = sourcecode.swift; path = "String+JKAttributedString.swift"; sourceTree = "<group>"; };
		61D8D8681F2E223100401983 /* JKAttribute.swift */ = {isa = PBXFileReference; fileEncoding = 4; lastKnownFileType = sourcecode.swift; path = JKAttribute.swift; sourceTree = "<group>"; };
		61D8D86A1F2E228000401983 /* JKAttributeParagraphStyle.swift */ = {isa = PBXFileReference; fileEncoding = 4; lastKnownFileType = sourcecode.swift; path = JKAttributeParagraphStyle.swift; sourceTree = "<group>"; };
		61D8D86C1F2E2C0400401983 /* JKAttributeType.swift */ = {isa = PBXFileReference; fileEncoding = 4; lastKnownFileType = sourcecode.swift; path = JKAttributeType.swift; sourceTree = "<group>"; };
		61D8D86E1F2E4F0000401983 /* JKStringRangeConverterSpec.swift */ = {isa = PBXFileReference; fileEncoding = 4; lastKnownFileType = sourcecode.swift; path = JKStringRangeConverterSpec.swift; sourceTree = "<group>"; };
		61D8D8711F2E596300401983 /* JKAttributeParagraphStyleSpecs.swift */ = {isa = PBXFileReference; fileEncoding = 4; lastKnownFileType = sourcecode.swift; path = JKAttributeParagraphStyleSpecs.swift; sourceTree = "<group>"; };
		7253AC549ED54677213B9877 /* Pods_JKAttributedString.framework */ = {isa = PBXFileReference; explicitFileType = wrapper.framework; includeInIndex = 0; path = Pods_JKAttributedString.framework; sourceTree = BUILT_PRODUCTS_DIR; };
		862A57119F07F94187BA5A0E /* Pods_JKAttributedStringTests.framework */ = {isa = PBXFileReference; explicitFileType = wrapper.framework; includeInIndex = 0; path = Pods_JKAttributedStringTests.framework; sourceTree = BUILT_PRODUCTS_DIR; };
		C889CE213B6FE3481ACC9DE2 /* Pods-JKAttributedStringTests.debug.xcconfig */ = {isa = PBXFileReference; includeInIndex = 1; lastKnownFileType = text.xcconfig; name = "Pods-JKAttributedStringTests.debug.xcconfig"; path = "Pods/Target Support Files/Pods-JKAttributedStringTests/Pods-JKAttributedStringTests.debug.xcconfig"; sourceTree = "<group>"; };
/* End PBXFileReference section */

/* Begin PBXFrameworksBuildPhase section */
		61006D9D1F2E1ED300251307 /* Frameworks */ = {
			isa = PBXFrameworksBuildPhase;
			buildActionMask = 2147483647;
			files = (
			);
			runOnlyForDeploymentPostprocessing = 0;
		};
		61006DA71F2E1ED400251307 /* Frameworks */ = {
			isa = PBXFrameworksBuildPhase;
			buildActionMask = 2147483647;
			files = (
				61006DAB1F2E1ED400251307 /* JKAttributedString.framework in Frameworks */,
				D37B0D195BCF997050910CEC /* Pods_JKAttributedStringTests.framework in Frameworks */,
			);
			runOnlyForDeploymentPostprocessing = 0;
		};
/* End PBXFrameworksBuildPhase section */

/* Begin PBXGroup section */
		53137FDA5559BFC3494C652D /* Frameworks */ = {
			isa = PBXGroup;
			children = (
				7253AC549ED54677213B9877 /* Pods_JKAttributedString.framework */,
				862A57119F07F94187BA5A0E /* Pods_JKAttributedStringTests.framework */,
			);
			name = Frameworks;
			sourceTree = "<group>";
		};
		61006D971F2E1ED300251307 = {
			isa = PBXGroup;
			children = (
				61006DA31F2E1ED300251307 /* Sources */,
				61006DAE1F2E1ED400251307 /* Tests */,
				61006DA21F2E1ED300251307 /* Products */,
				7C34C22626FB58E8835942F8 /* Pods */,
				53137FDA5559BFC3494C652D /* Frameworks */,
			);
			sourceTree = "<group>";
		};
		61006DA21F2E1ED300251307 /* Products */ = {
			isa = PBXGroup;
			children = (
				61006DA11F2E1ED300251307 /* JKAttributedString.framework */,
				61006DAA1F2E1ED400251307 /* JKAttributedStringTests.xctest */,
			);
			name = Products;
			sourceTree = "<group>";
		};
		61006DA31F2E1ED300251307 /* Sources */ = {
			isa = PBXGroup;
			children = (
				61006DA51F2E1ED300251307 /* Info.plist */,
				61D8D8681F2E223100401983 /* JKAttribute.swift */,
				61006DA41F2E1ED300251307 /* JKAttributedString.h */,
				61D8D8621F2E20BB00401983 /* JKAttributedString.swift */,
				61D8D86A1F2E228000401983 /* JKAttributeParagraphStyle.swift */,
				61D8D86C1F2E2C0400401983 /* JKAttributeType.swift */,
				61D8D8641F2E216E00401983 /* JKStringRangeConverter.swift */,
				61D8D8661F2E21B800401983 /* String+JKAttributedString.swift */,
			);
			path = Sources;
			sourceTree = "<group>";
		};
		61006DAE1F2E1ED400251307 /* Tests */ = {
			isa = PBXGroup;
			children = (
				61006DB11F2E1ED400251307 /* Info.plist */,
				61006DAF1F2E1ED400251307 /* JKAttributedStringSpecs.swift */,
				61D8D86E1F2E4F0000401983 /* JKStringRangeConverterSpec.swift */,
				61D8D8711F2E596300401983 /* JKAttributeParagraphStyleSpecs.swift */,
			);
			path = Tests;
			sourceTree = "<group>";
		};
		7C34C22626FB58E8835942F8 /* Pods */ = {
			isa = PBXGroup;
			children = (
				C889CE213B6FE3481ACC9DE2 /* Pods-JKAttributedStringTests.debug.xcconfig */,
				5D8B11864BBE0B530BE7CDC3 /* Pods-JKAttributedStringTests.release.xcconfig */,
			);
			name = Pods;
			sourceTree = "<group>";
		};
/* End PBXGroup section */

/* Begin PBXHeadersBuildPhase section */
		61006D9E1F2E1ED300251307 /* Headers */ = {
			isa = PBXHeadersBuildPhase;
			buildActionMask = 2147483647;
			files = (
				61006DB21F2E1ED400251307 /* JKAttributedString.h in Headers */,
			);
			runOnlyForDeploymentPostprocessing = 0;
		};
/* End PBXHeadersBuildPhase section */

/* Begin PBXNativeTarget section */
		61006DA01F2E1ED300251307 /* JKAttributedString */ = {
			isa = PBXNativeTarget;
			buildConfigurationList = 61006DB51F2E1ED400251307 /* Build configuration list for PBXNativeTarget "JKAttributedString" */;
			buildPhases = (
				61006D9C1F2E1ED300251307 /* Sources */,
				61006D9D1F2E1ED300251307 /* Frameworks */,
				61006D9E1F2E1ED300251307 /* Headers */,
				61006D9F1F2E1ED300251307 /* Resources */,
			);
			buildRules = (
			);
			dependencies = (
			);
			name = JKAttributedString;
			productName = JKAttributedString;
			productReference = 61006DA11F2E1ED300251307 /* JKAttributedString.framework */;
			productType = "com.apple.product-type.framework";
		};
		61006DA91F2E1ED400251307 /* JKAttributedStringTests */ = {
			isa = PBXNativeTarget;
			buildConfigurationList = 61006DB81F2E1ED400251307 /* Build configuration list for PBXNativeTarget "JKAttributedStringTests" */;
			buildPhases = (
				54CBD24FAB2B50FEADC70427 /* [CP] Check Pods Manifest.lock */,
				61006DA61F2E1ED400251307 /* Sources */,
				61006DA71F2E1ED400251307 /* Frameworks */,
				61006DA81F2E1ED400251307 /* Resources */,
				951E4E054CDC7947DF8ECF59 /* [CP] Embed Pods Frameworks */,
				94C1CAC88E5B003A2372DF70 /* [CP] Copy Pods Resources */,
			);
			buildRules = (
			);
			dependencies = (
				61006DAD1F2E1ED400251307 /* PBXTargetDependency */,
			);
			name = JKAttributedStringTests;
			productName = JKAttributedStringTests;
			productReference = 61006DAA1F2E1ED400251307 /* JKAttributedStringTests.xctest */;
			productType = "com.apple.product-type.bundle.unit-test";
		};
/* End PBXNativeTarget section */

/* Begin PBXProject section */
		61006D981F2E1ED300251307 /* Project object */ = {
			isa = PBXProject;
			attributes = {
				LastSwiftUpdateCheck = 0830;
				LastUpgradeCheck = 0830;
				ORGANIZATIONNAME = "Junmo Kim";
				TargetAttributes = {
					61006DA01F2E1ED300251307 = {
						CreatedOnToolsVersion = 8.3.3;
						LastSwiftMigration = 0830;
						ProvisioningStyle = Automatic;
					};
					61006DA91F2E1ED400251307 = {
						CreatedOnToolsVersion = 8.3.3;
						ProvisioningStyle = Automatic;
					};
				};
			};
			buildConfigurationList = 61006D9B1F2E1ED300251307 /* Build configuration list for PBXProject "JKAttributedString" */;
			compatibilityVersion = "Xcode 8.0";
			developmentRegion = English;
			hasScannedForEncodings = 0;
			knownRegions = (
				en,
			);
			mainGroup = 61006D971F2E1ED300251307;
			productRefGroup = 61006DA21F2E1ED300251307 /* Products */;
			projectDirPath = "";
			projectRoot = "";
			targets = (
				61006DA01F2E1ED300251307 /* JKAttributedString */,
				61006DA91F2E1ED400251307 /* JKAttributedStringTests */,
			);
		};
/* End PBXProject section */

/* Begin PBXResourcesBuildPhase section */
		61006D9F1F2E1ED300251307 /* Resources */ = {
			isa = PBXResourcesBuildPhase;
			buildActionMask = 2147483647;
			files = (
			);
			runOnlyForDeploymentPostprocessing = 0;
		};
		61006DA81F2E1ED400251307 /* Resources */ = {
			isa = PBXResourcesBuildPhase;
			buildActionMask = 2147483647;
			files = (
			);
			runOnlyForDeploymentPostprocessing = 0;
		};
/* End PBXResourcesBuildPhase section */

/* Begin PBXShellScriptBuildPhase section */
		54CBD24FAB2B50FEADC70427 /* [CP] Check Pods Manifest.lock */ = {
			isa = PBXShellScriptBuildPhase;
			buildActionMask = 2147483647;
			files = (
			);
			inputPaths = (
			);
			name = "[CP] Check Pods Manifest.lock";
			outputPaths = (
			);
			runOnlyForDeploymentPostprocessing = 0;
			shellPath = /bin/sh;
			shellScript = "diff \"${PODS_PODFILE_DIR_PATH}/Podfile.lock\" \"${PODS_ROOT}/Manifest.lock\" > /dev/null\nif [ $? != 0 ] ; then\n    # print error to STDERR\n    echo \"error: The sandbox is not in sync with the Podfile.lock. Run 'pod install' or update your CocoaPods installation.\" >&2\n    exit 1\nfi\n";
			showEnvVarsInLog = 0;
		};
		94C1CAC88E5B003A2372DF70 /* [CP] Copy Pods Resources */ = {
			isa = PBXShellScriptBuildPhase;
			buildActionMask = 2147483647;
			files = (
			);
			inputPaths = (
			);
			name = "[CP] Copy Pods Resources";
			outputPaths = (
			);
			runOnlyForDeploymentPostprocessing = 0;
			shellPath = /bin/sh;
			shellScript = "\"${SRCROOT}/Pods/Target Support Files/Pods-JKAttributedStringTests/Pods-JKAttributedStringTests-resources.sh\"\n";
			showEnvVarsInLog = 0;
		};
		951E4E054CDC7947DF8ECF59 /* [CP] Embed Pods Frameworks */ = {
			isa = PBXShellScriptBuildPhase;
			buildActionMask = 2147483647;
			files = (
			);
			inputPaths = (
			);
			name = "[CP] Embed Pods Frameworks";
			outputPaths = (
			);
			runOnlyForDeploymentPostprocessing = 0;
			shellPath = /bin/sh;
			shellScript = "\"${SRCROOT}/Pods/Target Support Files/Pods-JKAttributedStringTests/Pods-JKAttributedStringTests-frameworks.sh\"\n";
			showEnvVarsInLog = 0;
		};
/* End PBXShellScriptBuildPhase section */

/* Begin PBXSourcesBuildPhase section */
		61006D9C1F2E1ED300251307 /* Sources */ = {
			isa = PBXSourcesBuildPhase;
			buildActionMask = 2147483647;
			files = (
				61D8D8651F2E216E00401983 /* JKStringRangeConverter.swift in Sources */,
				61D8D8631F2E20BB00401983 /* JKAttributedString.swift in Sources */,
				61D8D8671F2E21B800401983 /* String+JKAttributedString.swift in Sources */,
				61D8D86D1F2E2C0400401983 /* JKAttributeType.swift in Sources */,
				61D8D86B1F2E228000401983 /* JKAttributeParagraphStyle.swift in Sources */,
				61D8D8691F2E223100401983 /* JKAttribute.swift in Sources */,
			);
			runOnlyForDeploymentPostprocessing = 0;
		};
		61006DA61F2E1ED400251307 /* Sources */ = {
			isa = PBXSourcesBuildPhase;
			buildActionMask = 2147483647;
			files = (
				61D8D8721F2E596300401983 /* JKAttributeParagraphStyleSpecs.swift in Sources */,
				61D8D8701F2E4F1B00401983 /* JKStringRangeConverterSpec.swift in Sources */,
				61006DB01F2E1ED400251307 /* JKAttributedStringSpecs.swift in Sources */,
			);
			runOnlyForDeploymentPostprocessing = 0;
		};
/* End PBXSourcesBuildPhase section */

/* Begin PBXTargetDependency section */
		61006DAD1F2E1ED400251307 /* PBXTargetDependency */ = {
			isa = PBXTargetDependency;
			target = 61006DA01F2E1ED300251307 /* JKAttributedString */;
			targetProxy = 61006DAC1F2E1ED400251307 /* PBXContainerItemProxy */;
		};
/* End PBXTargetDependency section */

/* Begin XCBuildConfiguration section */
		61006DB31F2E1ED400251307 /* Debug */ = {
			isa = XCBuildConfiguration;
			buildSettings = {
				ALWAYS_SEARCH_USER_PATHS = NO;
				CLANG_ANALYZER_NONNULL = YES;
				CLANG_ANALYZER_NUMBER_OBJECT_CONVERSION = YES_AGGRESSIVE;
				CLANG_CXX_LANGUAGE_STANDARD = "gnu++0x";
				CLANG_CXX_LIBRARY = "libc++";
				CLANG_ENABLE_MODULES = YES;
				CLANG_ENABLE_OBJC_ARC = YES;
				CLANG_WARN_BOOL_CONVERSION = YES;
				CLANG_WARN_CONSTANT_CONVERSION = YES;
				CLANG_WARN_DIRECT_OBJC_ISA_USAGE = YES_ERROR;
				CLANG_WARN_DOCUMENTATION_COMMENTS = YES;
				CLANG_WARN_EMPTY_BODY = YES;
				CLANG_WARN_ENUM_CONVERSION = YES;
				CLANG_WARN_INFINITE_RECURSION = YES;
				CLANG_WARN_INT_CONVERSION = YES;
				CLANG_WARN_OBJC_ROOT_CLASS = YES_ERROR;
				CLANG_WARN_SUSPICIOUS_MOVE = YES;
				CLANG_WARN_UNREACHABLE_CODE = YES;
				CLANG_WARN__DUPLICATE_METHOD_MATCH = YES;
				"CODE_SIGN_IDENTITY[sdk=iphoneos*]" = "iPhone Developer";
				COPY_PHASE_STRIP = NO;
				CURRENT_PROJECT_VERSION = 1;
				DEBUG_INFORMATION_FORMAT = dwarf;
				ENABLE_STRICT_OBJC_MSGSEND = YES;
				ENABLE_TESTABILITY = YES;
				GCC_C_LANGUAGE_STANDARD = gnu99;
				GCC_DYNAMIC_NO_PIC = NO;
				GCC_NO_COMMON_BLOCKS = YES;
				GCC_OPTIMIZATION_LEVEL = 0;
				GCC_PREPROCESSOR_DEFINITIONS = (
					"DEBUG=1",
					"$(inherited)",
				);
				GCC_WARN_64_TO_32_BIT_CONVERSION = YES;
				GCC_WARN_ABOUT_RETURN_TYPE = YES_ERROR;
				GCC_WARN_UNDECLARED_SELECTOR = YES;
				GCC_WARN_UNINITIALIZED_AUTOS = YES_AGGRESSIVE;
				GCC_WARN_UNUSED_FUNCTION = YES;
				GCC_WARN_UNUSED_VARIABLE = YES;
				IPHONEOS_DEPLOYMENT_TARGET = 8.0;
				MTL_ENABLE_DEBUG_INFO = YES;
				ONLY_ACTIVE_ARCH = YES;
				SDKROOT = iphoneos;
				SWIFT_ACTIVE_COMPILATION_CONDITIONS = DEBUG;
				SWIFT_OPTIMIZATION_LEVEL = "-Onone";
				TARGETED_DEVICE_FAMILY = "1,2";
				VERSIONING_SYSTEM = "apple-generic";
				VERSION_INFO_PREFIX = "";
			};
			name = Debug;
		};
		61006DB41F2E1ED400251307 /* Release */ = {
			isa = XCBuildConfiguration;
			buildSettings = {
				ALWAYS_SEARCH_USER_PATHS = NO;
				CLANG_ANALYZER_NONNULL = YES;
				CLANG_ANALYZER_NUMBER_OBJECT_CONVERSION = YES_AGGRESSIVE;
				CLANG_CXX_LANGUAGE_STANDARD = "gnu++0x";
				CLANG_CXX_LIBRARY = "libc++";
				CLANG_ENABLE_MODULES = YES;
				CLANG_ENABLE_OBJC_ARC = YES;
				CLANG_WARN_BOOL_CONVERSION = YES;
				CLANG_WARN_CONSTANT_CONVERSION = YES;
				CLANG_WARN_DIRECT_OBJC_ISA_USAGE = YES_ERROR;
				CLANG_WARN_DOCUMENTATION_COMMENTS = YES;
				CLANG_WARN_EMPTY_BODY = YES;
				CLANG_WARN_ENUM_CONVERSION = YES;
				CLANG_WARN_INFINITE_RECURSION = YES;
				CLANG_WARN_INT_CONVERSION = YES;
				CLANG_WARN_OBJC_ROOT_CLASS = YES_ERROR;
				CLANG_WARN_SUSPICIOUS_MOVE = YES;
				CLANG_WARN_UNREACHABLE_CODE = YES;
				CLANG_WARN__DUPLICATE_METHOD_MATCH = YES;
				"CODE_SIGN_IDENTITY[sdk=iphoneos*]" = "iPhone Developer";
				COPY_PHASE_STRIP = NO;
				CURRENT_PROJECT_VERSION = 1;
				DEBUG_INFORMATION_FORMAT = "dwarf-with-dsym";
				ENABLE_NS_ASSERTIONS = NO;
				ENABLE_STRICT_OBJC_MSGSEND = YES;
				GCC_C_LANGUAGE_STANDARD = gnu99;
				GCC_NO_COMMON_BLOCKS = YES;
				GCC_WARN_64_TO_32_BIT_CONVERSION = YES;
				GCC_WARN_ABOUT_RETURN_TYPE = YES_ERROR;
				GCC_WARN_UNDECLARED_SELECTOR = YES;
				GCC_WARN_UNINITIALIZED_AUTOS = YES_AGGRESSIVE;
				GCC_WARN_UNUSED_FUNCTION = YES;
				GCC_WARN_UNUSED_VARIABLE = YES;
				IPHONEOS_DEPLOYMENT_TARGET = 8.0;
				MTL_ENABLE_DEBUG_INFO = NO;
				SDKROOT = iphoneos;
				SWIFT_OPTIMIZATION_LEVEL = "-Owholemodule";
				TARGETED_DEVICE_FAMILY = "1,2";
				VALIDATE_PRODUCT = YES;
				VERSIONING_SYSTEM = "apple-generic";
				VERSION_INFO_PREFIX = "";
			};
			name = Release;
		};
		61006DB61F2E1ED400251307 /* Debug */ = {
			isa = XCBuildConfiguration;
			buildSettings = {
				CLANG_ENABLE_MODULES = YES;
				CODE_SIGN_IDENTITY = "";
				DEFINES_MODULE = YES;
				DYLIB_COMPATIBILITY_VERSION = 1;
				DYLIB_CURRENT_VERSION = 1;
				DYLIB_INSTALL_NAME_BASE = "@rpath";
				INFOPLIST_FILE = "$(SRCROOT)/Sources/Info.plist";
				INSTALL_PATH = "$(LOCAL_LIBRARY_DIR)/Frameworks";
				LD_RUNPATH_SEARCH_PATHS = "$(inherited) @executable_path/Frameworks @loader_path/Frameworks";
				PRODUCT_BUNDLE_IDENTIFIER = kim.junmo.JKAttributedString;
				PRODUCT_NAME = "$(TARGET_NAME)";
				SKIP_INSTALL = YES;
				SWIFT_OPTIMIZATION_LEVEL = "-Onone";
				SWIFT_VERSION = 3.0;
			};
			name = Debug;
		};
		61006DB71F2E1ED400251307 /* Release */ = {
			isa = XCBuildConfiguration;
			buildSettings = {
				CLANG_ENABLE_MODULES = YES;
				CODE_SIGN_IDENTITY = "";
				DEFINES_MODULE = YES;
				DYLIB_COMPATIBILITY_VERSION = 1;
				DYLIB_CURRENT_VERSION = 1;
				DYLIB_INSTALL_NAME_BASE = "@rpath";
				INFOPLIST_FILE = "$(SRCROOT)/Sources/Info.plist";
				INSTALL_PATH = "$(LOCAL_LIBRARY_DIR)/Frameworks";
				LD_RUNPATH_SEARCH_PATHS = "$(inherited) @executable_path/Frameworks @loader_path/Frameworks";
				PRODUCT_BUNDLE_IDENTIFIER = kim.junmo.JKAttributedString;
				PRODUCT_NAME = "$(TARGET_NAME)";
				SKIP_INSTALL = YES;
				SWIFT_VERSION = 3.0;
			};
			name = Release;
		};
		61006DB91F2E1ED400251307 /* Debug */ = {
			isa = XCBuildConfiguration;
			baseConfigurationReference = C889CE213B6FE3481ACC9DE2 /* Pods-JKAttributedStringTests.debug.xcconfig */;
			buildSettings = {
				ALWAYS_EMBED_SWIFT_STANDARD_LIBRARIES = YES;
				INFOPLIST_FILE = "$(SRCROOT)/Tests/Info.plist";
				LD_RUNPATH_SEARCH_PATHS = "$(inherited) @executable_path/Frameworks @loader_path/Frameworks";
				PRODUCT_BUNDLE_IDENTIFIER = kim.junmo.JKAttributedStringTests;
				PRODUCT_NAME = "$(TARGET_NAME)";
				SWIFT_VERSION = 3.0;
			};
			name = Debug;
		};
		61006DBA1F2E1ED400251307 /* Release */ = {
			isa = XCBuildConfiguration;
			baseConfigurationReference = 5D8B11864BBE0B530BE7CDC3 /* Pods-JKAttributedStringTests.release.xcconfig */;
			buildSettings = {
				ALWAYS_EMBED_SWIFT_STANDARD_LIBRARIES = YES;
				INFOPLIST_FILE = "$(SRCROOT)/Tests/Info.plist";
				LD_RUNPATH_SEARCH_PATHS = "$(inherited) @executable_path/Frameworks @loader_path/Frameworks";
				PRODUCT_BUNDLE_IDENTIFIER = kim.junmo.JKAttributedStringTests;
				PRODUCT_NAME = "$(TARGET_NAME)";
				SWIFT_VERSION = 3.0;
			};
			name = Release;
		};
/* End XCBuildConfiguration section */

/* Begin XCConfigurationList section */
		61006D9B1F2E1ED300251307 /* Build configuration list for PBXProject "JKAttributedString" */ = {
			isa = XCConfigurationList;
			buildConfigurations = (
				61006DB31F2E1ED400251307 /* Debug */,
				61006DB41F2E1ED400251307 /* Release */,
			);
			defaultConfigurationIsVisible = 0;
			defaultConfigurationName = Release;
		};
		61006DB51F2E1ED400251307 /* Build configuration list for PBXNativeTarget "JKAttributedString" */ = {
			isa = XCConfigurationList;
			buildConfigurations = (
				61006DB61F2E1ED400251307 /* Debug */,
				61006DB71F2E1ED400251307 /* Release */,
			);
			defaultConfigurationIsVisible = 0;
			defaultConfigurationName = Release;
		};
		61006DB81F2E1ED400251307 /* Build configuration list for PBXNativeTarget "JKAttributedStringTests" */ = {
			isa = XCConfigurationList;
			buildConfigurations = (
				61006DB91F2E1ED400251307 /* Debug */,
				61006DBA1F2E1ED400251307 /* Release */,
			);
			defaultConfigurationIsVisible = 0;
			defaultConfigurationName = Release;
		};
/* End XCConfigurationList section */
	};
	rootObject = 61006D981F2E1ED300251307 /* Project object */;
}
